
Microsoft Visual Studio Solution File, Format Version 12.00
# Visual Studio 15
VisualStudioVersion = 15.0.28307.438
MinimumVisualStudioVersion = 10.0.40219.1
Project("{FAE04EC0-301F-11D3-BF4B-00C04F79EFBC}") = "GitHubPractice", "GitHubPractice\GitHubPractice.csproj", "{FA3760A2-1557-4476-85D2-70F7AFC2C8C4}"
EndProject
Global
	GlobalSection(SolutionConfigurationPlatforms) = preSolution
		Debug|Any CPU = Debug|Any CPU
		Release|Any CPU = Release|Any CPU
	EndGlobalSection
	GlobalSection(ProjectConfigurationPlatforms) = postSolution
		{FA3760A2-1557-4476-85D2-70F7AFC2C8C4}.Debug|Any CPU.ActiveCfg = Debug|Any CPU
		{FA3760A2-1557-4476-85D2-70F7AFC2C8C4}.Debug|Any CPU.Build.0 = Debug|Any CPU
		{FA3760A2-1557-4476-85D2-70F7AFC2C8C4}.Release|Any CPU.ActiveCfg = Release|Any CPU
		{FA3760A2-1557-4476-85D2-70F7AFC2C8C4}.Release|Any CPU.Build.0 = Release|Any CPU
	EndGlobalSection
	GlobalSection(SolutionProperties) = preSolution
		HideSolutionNode = FALSE
	EndGlobalSection
	GlobalSection(ExtensibilityGlobals) = postSolution
		SolutionGuid = {6A1DA1D3-E664-4BCE-A03A-610D16F860A6}
	EndGlobalSection
EndGlobal
